// !$*UTF8*$!
{
	archiveVersion = 1;
	classes = {
	};
	objectVersion = 46;
	objects = {

/* Begin PBXBuildFile section */
		3FC490F71A80B001004FB8E7 /* main.m in Sources */ = {isa = PBXBuildFile; fileRef = 3FC490F61A80B001004FB8E7 /* main.m */; };
		3FC490FA1A80B001004FB8E7 /* AppDelegate.m in Sources */ = {isa = PBXBuildFile; fileRef = 3FC490F91A80B001004FB8E7 /* AppDelegate.m */; };
		3FC490FD1A80B001004FB8E7 /* ViewController.m in Sources */ = {isa = PBXBuildFile; fileRef = 3FC490FC1A80B001004FB8E7 /* ViewController.m */; };
		3FC491001A80B001004FB8E7 /* Main.storyboard in Resources */ = {isa = PBXBuildFile; fileRef = 3FC490FE1A80B001004FB8E7 /* Main.storyboard */; };
		3FC491021A80B001004FB8E7 /* Images.xcassets in Resources */ = {isa = PBXBuildFile; fileRef = 3FC491011A80B001004FB8E7 /* Images.xcassets */; };
		3FC491051A80B001004FB8E7 /* LaunchScreen.xib in Resources */ = {isa = PBXBuildFile; fileRef = 3FC491031A80B001004FB8E7 /* LaunchScreen.xib */; };
		3FC491111A80B001004FB8E7 /* iosTestTests.m in Sources */ = {isa = PBXBuildFile; fileRef = 3FC491101A80B001004FB8E7 /* iosTestTests.m */; };
/* End PBXBuildFile section */

/* Begin PBXContainerItemProxy section */
		3FC4910B1A80B001004FB8E7 /* PBXContainerItemProxy */ = {
			isa = PBXContainerItemProxy;
			containerPortal = 3FC490E91A80B001004FB8E7 /* Project object */;
			proxyType = 1;
			remoteGlobalIDString = 3FC490F01A80B001004FB8E7;
			remoteInfo = iosTest;
		};
/* End PBXContainerItemProxy section */

/* Begin PBXFileReference section */
		3FC490F11A80B001004FB8E7 /* iosTest.app */ = {isa = PBXFileReference; explicitFileType = wrapper.application; includeInIndex = 0; path = iosTest.app; sourceTree = BUILT_PRODUCTS_DIR; };
		3FC490F51A80B001004FB8E7 /* Info.plist */ = {isa = PBXFileReference; lastKnownFileType = text.plist.xml; path = Info.plist; sourceTree = "<group>"; };
		3FC490F61A80B001004FB8E7 /* main.m */ = {isa = PBXFileReference; lastKnownFileType = sourcecode.c.objc; path = main.m; sourceTree = "<group>"; };
		3FC490F81A80B001004FB8E7 /* AppDelegate.h */ = {isa = PBXFileReference; lastKnownFileType = sourcecode.c.h; path = AppDelegate.h; sourceTree = "<group>"; };
		3FC490F91A80B001004FB8E7 /* AppDelegate.m */ = {isa = PBXFileReference; lastKnownFileType = sourcecode.c.objc; path = AppDelegate.m; sourceTree = "<group>"; };
		3FC490FB1A80B001004FB8E7 /* ViewController.h */ = {isa = PBXFileReference; lastKnownFileType = sourcecode.c.h; path = ViewController.h; sourceTree = "<group>"; };
		3FC490FC1A80B001004FB8E7 /* ViewController.m */ = {isa = PBXFileReference; lastKnownFileType = sourcecode.c.objc; path = ViewController.m; sourceTree = "<group>"; };
		3FC490FF1A80B001004FB8E7 /* Base */ = {isa = PBXFileReference; lastKnownFileType = file.storyboard; name = Base; path = Base.lproj/Main.storyboard; sourceTree = "<group>"; };
		3FC491011A80B001004FB8E7 /* Images.xcassets */ = {isa = PBXFileReference; lastKnownFileType = folder.assetcatalog; path = Images.xcassets; sourceTree = "<group>"; };
		3FC491041A80B001004FB8E7 /* Base */ = {isa = PBXFileReference; lastKnownFileType = file.xib; name = Base; path = Base.lproj/LaunchScreen.xib; sourceTree = "<group>"; };
		3FC4910A1A80B001004FB8E7 /* iosTestTests.xctest */ = {isa = PBXFileReference; explicitFileType = wrapper.cfbundle; includeInIndex = 0; path = iosTestTests.xctest; sourceTree = BUILT_PRODUCTS_DIR; };
		3FC4910F1A80B001004FB8E7 /* Info.plist */ = {isa = PBXFileReference; lastKnownFileType = text.plist.xml; path = Info.plist; sourceTree = "<group>"; };
		3FC491101A80B001004FB8E7 /* iosTestTests.m */ = {isa = PBXFileReference; lastKnownFileType = sourcecode.c.objc; path = iosTestTests.m; sourceTree = "<group>"; };
/* End PBXFileReference section */

/* Begin PBXFrameworksBuildPhase section */
		3FC490EE1A80B001004FB8E7 /* Frameworks */ = {
			isa = PBXFrameworksBuildPhase;
			buildActionMask = 2147483647;
			files = (
			);
			runOnlyForDeploymentPostprocessing = 0;
		};
		3FC491071A80B001004FB8E7 /* Frameworks */ = {
			isa = PBXFrameworksBuildPhase;
			buildActionMask = 2147483647;
			files = (
			);
			runOnlyForDeploymentPostprocessing = 0;
		};
/* End PBXFrameworksBuildPhase section */

/* Begin PBXGroup section */
		3FC490E81A80B001004FB8E7 = {
			isa = PBXGroup;
			children = (
				3FC490F31A80B001004FB8E7 /* iosTest */,
				3FC4910D1A80B001004FB8E7 /* iosTestTests */,
				3FC490F21A80B001004FB8E7 /* Products */,
			);
			sourceTree = "<group>";
		};
		3FC490F21A80B001004FB8E7 /* Products */ = {
			isa = PBXGroup;
			children = (
				3FC490F11A80B001004FB8E7 /* iosTest.app */,
				3FC4910A1A80B001004FB8E7 /* iosTestTests.xctest */,
			);
			name = Products;
			sourceTree = "<group>";
		};
		3FC490F31A80B001004FB8E7 /* iosTest */ = {
			isa = PBXGroup;
			children = (
				3FC490F81A80B001004FB8E7 /* AppDelegate.h */,
				3FC490F91A80B001004FB8E7 /* AppDelegate.m */,
				3FC490FB1A80B001004FB8E7 /* ViewController.h */,
				3FC490FC1A80B001004FB8E7 /* ViewController.m */,
				3FC490FE1A80B001004FB8E7 /* Main.storyboard */,
				3FC491011A80B001004FB8E7 /* Images.xcassets */,
				3FC491031A80B001004FB8E7 /* LaunchScreen.xib */,
				3FC490F41A80B001004FB8E7 /* Supporting Files */,
			);
			path = iosTest;
			sourceTree = "<group>";
		};
		3FC490F41A80B001004FB8E7 /* Supporting Files */ = {
			isa = PBXGroup;
			children = (
				3FC490F51A80B001004FB8E7 /* Info.plist */,
				3FC490F61A80B001004FB8E7 /* main.m */,
			);
			name = "Supporting Files";
			sourceTree = "<group>";
		};
		3FC4910D1A80B001004FB8E7 /* iosTestTests */ = {
			isa = PBXGroup;
			children = (
				3FC491101A80B001004FB8E7 /* iosTestTests.m */,
				3FC4910E1A80B001004FB8E7 /* Supporting Files */,
			);
			path = iosTestTests;
			sourceTree = "<group>";
		};
		3FC4910E1A80B001004FB8E7 /* Supporting Files */ = {
			isa = PBXGroup;
			children = (
				3FC4910F1A80B001004FB8E7 /* Info.plist */,
			);
			name = "Supporting Files";
			sourceTree = "<group>";
		};
/* End PBXGroup section */

/* Begin PBXNativeTarget section */
		3FC490F01A80B001004FB8E7 /* iosTest */ = {
			isa = PBXNativeTarget;
			buildConfigurationList = 3FC491141A80B001004FB8E7 /* Build configuration list for PBXNativeTarget "iosTest" */;
			buildPhases = (
				3FC490ED1A80B001004FB8E7 /* Sources */,
				3FC490EE1A80B001004FB8E7 /* Frameworks */,
				3FC490EF1A80B001004FB8E7 /* Resources */,
			);
			buildRules = (
			);
			dependencies = (
			);
			name = iosTest;
			productName = iosTest;
			productReference = 3FC490F11A80B001004FB8E7 /* iosTest.app */;
			productType = "com.apple.product-type.application";
		};
		3FC491091A80B001004FB8E7 /* iosTestTests */ = {
			isa = PBXNativeTarget;
			buildConfigurationList = 3FC491171A80B001004FB8E7 /* Build configuration list for PBXNativeTarget "iosTestTests" */;
			buildPhases = (
				3FC491061A80B001004FB8E7 /* Sources */,
				3FC491071A80B001004FB8E7 /* Frameworks */,
				3FC491081A80B001004FB8E7 /* Resources */,
			);
			buildRules = (
			);
			dependencies = (
				3FC4910C1A80B001004FB8E7 /* PBXTargetDependency */,
			);
			name = iosTestTests;
			productName = iosTestTests;
			productReference = 3FC4910A1A80B001004FB8E7 /* iosTestTests.xctest */;
			productType = "com.apple.product-type.bundle.unit-test";
		};
/* End PBXNativeTarget section */

/* Begin PBXProject section */
		3FC490E91A80B001004FB8E7 /* Project object */ = {
			isa = PBXProject;
			attributes = {
				LastUpgradeCheck = 0610;
				ORGANIZATIONNAME = "___MISHI___";
				TargetAttributes = {
					3FC490F01A80B001004FB8E7 = {
						CreatedOnToolsVersion = 6.1;
					};
					3FC491091A80B001004FB8E7 = {
						CreatedOnToolsVersion = 6.1;
						TestTargetID = 3FC490F01A80B001004FB8E7;
					};
				};
			};
			buildConfigurationList = 3FC490EC1A80B001004FB8E7 /* Build configuration list for PBXProject "iosTest" */;
			compatibilityVersion = "Xcode 3.2";
			developmentRegion = English;
			hasScannedForEncodings = 0;
			knownRegions = (
				en,
				Base,
			);
			mainGroup = 3FC490E81A80B001004FB8E7;
			productRefGroup = 3FC490F21A80B001004FB8E7 /* Products */;
			projectDirPath = "";
			projectRoot = "";
			targets = (
				3FC490F01A80B001004FB8E7 /* iosTest */,
				3FC491091A80B001004FB8E7 /* iosTestTests */,
			);
		};
/* End PBXProject section */

/* Begin PBXResourcesBuildPhase section */
		3FC490EF1A80B001004FB8E7 /* Resources */ = {
			isa = PBXResourcesBuildPhase;
			buildActionMask = 2147483647;
			files = (
				3FC491001A80B001004FB8E7 /* Main.storyboard in Resources */,
				3FC491051A80B001004FB8E7 /* LaunchScreen.xib in Resources */,
				3FC491021A80B001004FB8E7 /* Images.xcassets in Resources */,
			);
			runOnlyForDeploymentPostprocessing = 0;
		};
		3FC491081A80B001004FB8E7 /* Resources */ = {
			isa = PBXResourcesBuildPhase;
			buildActionMask = 2147483647;
			files = (
			);
			runOnlyForDeploymentPostprocessing = 0;
		};
/* End PBXResourcesBuildPhase section */

/* Begin PBXSourcesBuildPhase section */
		3FC490ED1A80B001004FB8E7 /* Sources */ = {
			isa = PBXSourcesBuildPhase;
			buildActionMask = 2147483647;
			files = (
				3FC490FD1A80B001004FB8E7 /* ViewController.m in Sources */,
				3FC490FA1A80B001004FB8E7 /* AppDelegate.m in Sources */,
				3FC490F71A80B001004FB8E7 /* main.m in Sources */,
			);
			runOnlyForDeploymentPostprocessing = 0;
		};
		3FC491061A80B001004FB8E7 /* Sources */ = {
			isa = PBXSourcesBuildPhase;
			buildActionMask = 2147483647;
			files = (
				3FC491111A80B001004FB8E7 /* iosTestTests.m in Sources */,
			);
			runOnlyForDeploymentPostprocessing = 0;
		};
/* End PBXSourcesBuildPhase section */

/* Begin PBXTargetDependency section */
		3FC4910C1A80B001004FB8E7 /* PBXTargetDependency */ = {
			isa = PBXTargetDependency;
			target = 3FC490F01A80B001004FB8E7 /* iosTest */;
			targetProxy = 3FC4910B1A80B001004FB8E7 /* PBXContainerItemProxy */;
		};
/* End PBXTargetDependency section */

/* Begin PBXVariantGroup section */
		3FC490FE1A80B001004FB8E7 /* Main.storyboard */ = {
			isa = PBXVariantGroup;
			children = (
				3FC490FF1A80B001004FB8E7 /* Base */,
			);
			name = Main.storyboard;
			sourceTree = "<group>";
		};
		3FC491031A80B001004FB8E7 /* LaunchScreen.xib */ = {
			isa = PBXVariantGroup;
			children = (
				3FC491041A80B001004FB8E7 /* Base */,
			);
			name = LaunchScreen.xib;
			sourceTree = "<group>";
		};
/* End PBXVariantGroup section */

/* Begin XCBuildConfiguration section */
		3FC491121A80B001004FB8E7 /* Debug */ = {
			isa = XCBuildConfiguration;
			buildSettings = {
				ALWAYS_SEARCH_USER_PATHS = NO;
				CLANG_CXX_LANGUAGE_STANDARD = "gnu++0x";
				CLANG_CXX_LIBRARY = "libc++";
				CLANG_ENABLE_MODULES = YES;
				CLANG_ENABLE_OBJC_ARC = YES;
				CLANG_WARN_BOOL_CONVERSION = YES;
				CLANG_WARN_CONSTANT_CONVERSION = YES;
				CLANG_WARN_DIRECT_OBJC_ISA_USAGE = YES_ERROR;
				CLANG_WARN_EMPTY_BODY = YES;
				CLANG_WARN_ENUM_CONVERSION = YES;
				CLANG_WARN_INT_CONVERSION = YES;
				CLANG_WARN_OBJC_ROOT_CLASS = YES_ERROR;
				CLANG_WARN_UNREACHABLE_CODE = YES;
				CLANG_WARN__DUPLICATE_METHOD_MATCH = YES;
				"CODE_SIGN_IDENTITY[sdk=iphoneos*]" = "iPhone Developer";
				COPY_PHASE_STRIP = NO;
				ENABLE_STRICT_OBJC_MSGSEND = YES;
				GCC_C_LANGUAGE_STANDARD = gnu99;
				GCC_DYNAMIC_NO_PIC = NO;
				GCC_OPTIMIZATION_LEVEL = 0;
				GCC_PREPROCESSOR_DEFINITIONS = (
					"DEBUG=1",
					"$(inherited)",
				);
				GCC_SYMBOLS_PRIVATE_EXTERN = NO;
				GCC_WARN_64_TO_32_BIT_CONVERSION = YES;
				GCC_WARN_ABOUT_RETURN_TYPE = YES_ERROR;
				GCC_WARN_UNDECLARED_SELECTOR = YES;
				GCC_WARN_UNINITIALIZED_AUTOS = YES_AGGRESSIVE;
				GCC_WARN_UNUSED_FUNCTION = YES;
				GCC_WARN_UNUSED_VARIABLE = YES;
				IPHONEOS_DEPLOYMENT_TARGET = 8.1;
				MTL_ENABLE_DEBUG_INFO = YES;
				ONLY_ACTIVE_ARCH = YES;
				SDKROOT = iphoneos;
			};
			name = Debug;
		};
		3FC491131A80B001004FB8E7 /* Release */ = {
			isa = XCBuildConfiguration;
			buildSettings = {
				ALWAYS_SEARCH_USER_PATHS = NO;
				CLANG_CXX_LANGUAGE_STANDARD = "gnu++0x";
				CLANG_CXX_LIBRARY = "libc++";
				CLANG_ENABLE_MODULES = YES;
				CLANG_ENABLE_OBJC_ARC = YES;
				CLANG_WARN_BOOL_CONVERSION = YES;
				CLANG_WARN_CONSTANT_CONVERSION = YES;
				CLANG_WARN_DIRECT_OBJC_ISA_USAGE = YES_ERROR;
				CLANG_WARN_EMPTY_BODY = YES;
				CLANG_WARN_ENUM_CONVERSION = YES;
				CLANG_WARN_INT_CONVERSION = YES;
				CLANG_WARN_OBJC_ROOT_CLASS = YES_ERROR;
				CLANG_WARN_UNREACHABLE_CODE = YES;
				CLANG_WARN__DUPLICATE_METHOD_MATCH = YES;
				"CODE_SIGN_IDENTITY[sdk=iphoneos*]" = "iPhone Developer";
				COPY_PHASE_STRIP = YES;
				ENABLE_NS_ASSERTIONS = NO;
				ENABLE_STRICT_OBJC_MSGSEND = YES;
				GCC_C_LANGUAGE_STANDARD = gnu99;
				GCC_WARN_64_TO_32_BIT_CONVERSION = YES;
				GCC_WARN_ABOUT_RETURN_TYPE = YES_ERROR;
				GCC_WARN_UNDECLARED_SELECTOR = YES;
				GCC_WARN_UNINITIALIZED_AUTOS = YES_AGGRESSIVE;
				GCC_WARN_UNUSED_FUNCTION = YES;
				GCC_WARN_UNUSED_VARIABLE = YES;
				IPHONEOS_DEPLOYMENT_TARGET = 8.1;
				MTL_ENABLE_DEBUG_INFO = NO;
				SDKROOT = iphoneos;
				VALIDATE_PRODUCT = YES;
			};
			name = Release;
		};
		3FC491151A80B001004FB8E7 /* Debug */ = {
			isa = XCBuildConfiguration;
			buildSettings = {
				ASSETCATALOG_COMPILER_APPICON_NAME = AppIcon;
				INFOPLIST_FILE = iosTest/Info.plist;
				LD_RUNPATH_SEARCH_PATHS = "$(inherited) @executable_path/Frameworks";
				PRODUCT_NAME = "$(TARGET_NAME)";
			};
			name = Debug;
		};
		3FC491161A80B001004FB8E7 /* Release */ = {
			isa = XCBuildConfiguration;
			buildSettings = {
				ASSETCATALOG_COMPILER_APPICON_NAME = AppIcon;
				INFOPLIST_FILE = iosTest/Info.plist;
				LD_RUNPATH_SEARCH_PATHS = "$(inherited) @executable_path/Frameworks";
				PRODUCT_NAME = "$(TARGET_NAME)";
			};
			name = Release;
		};
		3FC491181A80B001004FB8E7 /* Debug */ = {
			isa = XCBuildConfiguration;
			buildSettings = {
				BUNDLE_LOADER = "$(TEST_HOST)";
				FRAMEWORK_SEARCH_PATHS = (
					"$(SDKROOT)/Developer/Library/Frameworks",
					"$(inherited)",
				);
				GCC_PREPROCESSOR_DEFINITIONS = (
					"DEBUG=1",
					"$(inherited)",
				);
				INFOPLIST_FILE = iosTestTests/Info.plist;
				LD_RUNPATH_SEARCH_PATHS = "$(inherited) @executable_path/Frameworks @loader_path/Frameworks";
				PRODUCT_NAME = "$(TARGET_NAME)";
				TEST_HOST = "$(BUILT_PRODUCTS_DIR)/iosTest.app/iosTest";
			};
			name = Debug;
		};
		3FC491191A80B001004FB8E7 /* Release */ = {
			isa = XCBuildConfiguration;
			buildSettings = {
				BUNDLE_LOADER = "$(TEST_HOST)";
				FRAMEWORK_SEARCH_PATHS = (
					"$(SDKROOT)/Developer/Library/Frameworks",
					"$(inherited)",
				);
				INFOPLIST_FILE = iosTestTests/Info.plist;
				LD_RUNPATH_SEARCH_PATHS = "$(inherited) @executable_path/Frameworks @loader_path/Frameworks";
				PRODUCT_NAME = "$(TARGET_NAME)";
				TEST_HOST = "$(BUILT_PRODUCTS_DIR)/iosTest.app/iosTest";
			};
			name = Release;
		};
/* End XCBuildConfiguration section */

/* Begin XCConfigurationList section */
		3FC490EC1A80B001004FB8E7 /* Build configuration list for PBXProject "iosTest" */ = {
			isa = XCConfigurationList;
			buildConfigurations = (
				3FC491121A80B001004FB8E7 /* Debug */,
				3FC491131A80B001004FB8E7 /* Release */,
			);
			defaultConfigurationIsVisible = 0;
			defaultConfigurationName = Release;
		};
		3FC491141A80B001004FB8E7 /* Build configuration list for PBXNativeTarget "iosTest" */ = {
			isa = XCConfigurationList;
			buildConfigurations = (
				3FC491151A80B001004FB8E7 /* Debug */,
				3FC491161A80B001004FB8E7 /* Release */,
			);
			defaultConfigurationIsVisible = 0;
		};
		3FC491171A80B001004FB8E7 /* Build configuration list for PBXNativeTarget "iosTestTests" */ = {
			isa = XCConfigurationList;
			buildConfigurations = (
				3FC491181A80B001004FB8E7 /* Debug */,
				3FC491191A80B001004FB8E7 /* Release */,
			);
			defaultConfigurationIsVisible = 0;
		};
/* End XCConfigurationList section */
	};
	rootObject = 3FC490E91A80B001004FB8E7 /* Project object */;
}
